# THIS IS AN AUTOGENERATED FILE. DO NOT EDIT THIS FILE DIRECTLY.
# yarn lockfile v1


"@actions/core@^1.10.0", "@actions/core@^1.2.6":
  "integrity" "sha512-3lBR9EDAY+iYIpTnTIXmWcNbX3T2kCkAEQGIQx4NVQ0575nk2k3GRZDTPQG+vVtS2izSLmINlxXf0uLtnrTP+g=="
  "resolved" "https://registry.npmjs.org/@actions/core/-/core-1.10.1.tgz"
  "version" "1.10.1"
  dependencies:
    "@actions/http-client" "^2.0.1"
    "uuid" "^8.3.2"

"@actions/exec@^1.0.0", "@actions/exec@^1.1.0":
  "integrity" "sha512-LImpN9AY0J1R1mEYJjVJfSZWU4zYOlEcwSTgPve1rFQqK5AwrEs6uWW5Rv70gbDIQIAUwI86z6B+9mPK4w9Sbg=="
  "resolved" "https://registry.npmjs.org/@actions/exec/-/exec-1.1.0.tgz"
  "version" "1.1.0"
  dependencies:
    "@actions/io" "^1.0.1"

"@actions/http-client@^1.0.8":
  "integrity" "sha512-VRYHGQV1rqnROJqdMvGUbY/Kn8vriQe/F9HR2AlYHzmKuM/p3kjNuXhmdBfcVgsvRWTz5C5XW5xvndZrVBuAYg=="
  "resolved" "https://registry.npmjs.org/@actions/http-client/-/http-client-1.0.11.tgz"
  "version" "1.0.11"
  dependencies:
    "tunnel" "0.0.6"

"@actions/http-client@^2.0.1", "@actions/http-client@^2.1.0":
  "integrity" "sha512-q+epW0trjVUUHboliPb4UF9g2msf+w61b32tAkFEwL/IwP0DQWgbCMM0Hbe3e3WXSKz5VcUXbzJQgy8Hkra/Lg=="
  "resolved" "https://registry.npmjs.org/@actions/http-client/-/http-client-2.2.0.tgz"
  "version" "2.2.0"
  dependencies:
    "tunnel" "^0.0.6"
    "undici" "^5.25.4"

"@actions/io@^1.0.1", "@actions/io@^1.1.1":
  "integrity" "sha512-Qi4JoKXjmE0O67wAOH6y0n26QXhMKMFo7GD/4IXNVcrtLjUlGjGuVys6pQgwF3ArfGTQu0XpqaNr0YhED2RaRA=="
  "resolved" "https://registry.npmjs.org/@actions/io/-/io-1.1.1.tgz"
  "version" "1.1.1"

"@actions/tool-cache@^1.7.1":
  "integrity" "sha512-y1xxxOhXaBUIUit3lhepmu/0xdgiTMpnZRLmVdtF0hTm521doi+MdRRRP62czHvM7wxH6epj4JPNJQ3iJpOrkQ=="
  "resolved" "https://registry.npmjs.org/@actions/tool-cache/-/tool-cache-1.7.1.tgz"
  "version" "1.7.1"
  dependencies:
    "@actions/core" "^1.2.6"
    "@actions/exec" "^1.0.0"
    "@actions/http-client" "^1.0.8"
    "@actions/io" "^1.1.1"
    "semver" "^6.1.0"
    "uuid" "^3.3.2"

"@fastify/busboy@^2.0.0":
  "integrity" "sha512-JUFJad5lv7jxj926GPgymrWQxxjPYuJNiNjNMzqT+HiuP6Vl3dk5xzG+8sTX96np0ZAluvaMzPsjhHZ5rNuNQQ=="
  "resolved" "https://registry.npmjs.org/@fastify/busboy/-/busboy-2.0.0.tgz"
  "version" "2.0.0"

"@vercel/ncc@^0.34.0":
  "integrity" "sha512-G9h5ZLBJ/V57Ou9vz5hI8pda/YQX5HQszCs3AmIus3XzsmRn/0Ptic5otD3xVST8QLKk7AMk7AqpsyQGN7MZ9A=="
  "resolved" "https://registry.npmjs.org/@vercel/ncc/-/ncc-0.34.0.tgz"
  "version" "0.34.0"

"semver@^6.1.0":
  "integrity" "sha512-b39TBaTSfV6yBrapU89p5fKekE2m/NwnDocOVruQFS1/veMgdzuPcnOM34M6CwxW8jH/lxEa5rBoDeUwu5HHTw=="
  "resolved" "https://registry.npmjs.org/semver/-/semver-6.3.0.tgz"
  "version" "6.3.0"

"tunnel@^0.0.6", "tunnel@0.0.6":
  "integrity" "sha512-1h/Lnq9yajKY2PEbBadPXj3VxsDDu844OnaAo52UVmIzIvwwtBPIuNvkjuzBlTWpfJyUbG3ez0KSBibQkj4ojg=="
  "resolved" "https://registry.npmjs.org/tunnel/-/tunnel-0.0.6.tgz"
  "version" "0.0.6"

"undici@^5.25.4":
  "integrity" "sha512-H7n2zmKEWgOllKkIUkLvFmsJQj062lSm3uA4EYApG8gLuiOM0/go9bIoC3HVaSnfg4xunowDE2i9p8drkXuvDw=="
  "resolved" "https://registry.npmjs.org/undici/-/undici-5.26.3.tgz"
  "version" "5.26.3"
  dependencies:
    "@fastify/busboy" "^2.0.0"

"uuid@^3.3.2":
  "integrity" "sha512-HjSDRw6gZE5JMggctHBcjVak08+KEVhSIiDzFnT9S9aegmp85S/bReBVTb4QTFaRNptJ9kuYaNhnbNEOkbKb/A=="
  "resolved" "https://registry.npmjs.org/uuid/-/uuid-3.4.0.tgz"
  "version" "3.4.0"

"uuid@^8.3.2":
  "integrity" "sha512-+NYs2QeMWy+GWFOEm9xnn6HCDp0l7QBD7ml8zLUmJ+93Q5NF0NocErnwkTkXVFNiX3/fpC6afS8Dhb/gz7R7eg=="
  "resolved" "https://registry.npmjs.org/uuid/-/uuid-8.3.2.tgz"
  "version" "8.3.2"
